// !$*UTF8*$!
{
	archiveVersion = 1;
	classes = {
	};
	objectVersion = 77;
	objects = {

/* Begin PBXBuildFile section */
		95CEE08B2E770681009DB706 /* Cocoa.framework in Frameworks */ = {isa = PBXBuildFile; fileRef = 95CEE08A2E770681009DB706 /* Cocoa.framework */; };
		95CEE08D2E770687009DB706 /* OpenGL.framework in Frameworks */ = {isa = PBXBuildFile; fileRef = 95CEE08C2E770687009DB706 /* OpenGL.framework */; };
		95CEE08F2E77068D009DB706 /* IOKit.framework in Frameworks */ = {isa = PBXBuildFile; fileRef = 95CEE08E2E77068D009DB706 /* IOKit.framework */; };
		95CEE0912E770693009DB706 /* CoreVideo.framework in Frameworks */ = {isa = PBXBuildFile; fileRef = 95CEE0902E770693009DB706 /* CoreVideo.framework */; };
		95CEE0932E770699009DB706 /* CoreGraphics.framework in Frameworks */ = {isa = PBXBuildFile; fileRef = 95CEE0922E770699009DB706 /* CoreGraphics.framework */; };
/* End PBXBuildFile section */

/* Begin PBXContainerItemProxy section */
		955156322E75A0C60062B98D /* PBXContainerItemProxy */ = {
			isa = PBXContainerItemProxy;
			containerPortal = 9551561B2E75A0C60062B98D /* Project object */;
			proxyType = 1;
			remoteGlobalIDString = 955156222E75A0C60062B98D;
			remoteInfo = THKeyVis;
		};
		9551563C2E75A0C60062B98D /* PBXContainerItemProxy */ = {
			isa = PBXContainerItemProxy;
			containerPortal = 9551561B2E75A0C60062B98D /* Project object */;
			proxyType = 1;
			remoteGlobalIDString = 955156222E75A0C60062B98D;
			remoteInfo = THKeyVis;
		};
/* End PBXContainerItemProxy section */

/* Begin PBXFileReference section */
		955156232E75A0C60062B98D /* THKeyVis.app */ = {isa = PBXFileReference; explicitFileType = wrapper.application; includeInIndex = 0; path = THKeyVis.app; sourceTree = BUILT_PRODUCTS_DIR; };
		955156312E75A0C60062B98D /* THKeyVisTests.xctest */ = {isa = PBXFileReference; explicitFileType = wrapper.cfbundle; includeInIndex = 0; path = THKeyVisTests.xctest; sourceTree = BUILT_PRODUCTS_DIR; };
		9551563B2E75A0C60062B98D /* THKeyVisUITests.xctest */ = {isa = PBXFileReference; explicitFileType = wrapper.cfbundle; includeInIndex = 0; path = THKeyVisUITests.xctest; sourceTree = BUILT_PRODUCTS_DIR; };
		95CEE08A2E770681009DB706 /* Cocoa.framework */ = {isa = PBXFileReference; lastKnownFileType = wrapper.framework; name = Cocoa.framework; path = System/Library/Frameworks/Cocoa.framework; sourceTree = SDKROOT; };
		95CEE08C2E770687009DB706 /* OpenGL.framework */ = {isa = PBXFileReference; lastKnownFileType = wrapper.framework; name = OpenGL.framework; path = System/Library/Frameworks/OpenGL.framework; sourceTree = SDKROOT; };
		95CEE08E2E77068D009DB706 /* IOKit.framework */ = {isa = PBXFileReference; lastKnownFileType = wrapper.framework; name = IOKit.framework; path = System/Library/Frameworks/IOKit.framework; sourceTree = SDKROOT; };
		95CEE0902E770693009DB706 /* CoreVideo.framework */ = {isa = PBXFileReference; lastKnownFileType = wrapper.framework; name = CoreVideo.framework; path = System/Library/Frameworks/CoreVideo.framework; sourceTree = SDKROOT; };
		95CEE0922E770699009DB706 /* CoreGraphics.framework */ = {isa = PBXFileReference; lastKnownFileType = wrapper.framework; name = CoreGraphics.framework; path = System/Library/Frameworks/CoreGraphics.framework; sourceTree = SDKROOT; };
/* End PBXFileReference section */

/* Begin PBXFileSystemSynchronizedRootGroup section */
		955156252E75A0C60062B98D /* THKeyVis */ = {
			isa = PBXFileSystemSynchronizedRootGroup;
			path = THKeyVis;
			sourceTree = "<group>";
		};
		955156342E75A0C60062B98D /* THKeyVisTests */ = {
			isa = PBXFileSystemSynchronizedRootGroup;
			path = THKeyVisTests;
			sourceTree = "<group>";
		};
		9551563E2E75A0C60062B98D /* THKeyVisUITests */ = {
			isa = PBXFileSystemSynchronizedRootGroup;
			path = THKeyVisUITests;
			sourceTree = "<group>";
		};
/* End PBXFileSystemSynchronizedRootGroup section */

/* Begin PBXFrameworksBuildPhase section */
		955156202E75A0C60062B98D /* Frameworks */ = {
			isa = PBXFrameworksBuildPhase;
			buildActionMask = 2147483647;
			files = (
				95CEE0932E770699009DB706 /* CoreGraphics.framework in Frameworks */,
				95CEE0912E770693009DB706 /* CoreVideo.framework in Frameworks */,
				95CEE08F2E77068D009DB706 /* IOKit.framework in Frameworks */,
				95CEE08D2E770687009DB706 /* OpenGL.framework in Frameworks */,
				95CEE08B2E770681009DB706 /* Cocoa.framework in Frameworks */,
			);
			runOnlyForDeploymentPostprocessing = 0;
		};
		9551562E2E75A0C60062B98D /* Frameworks */ = {
			isa = PBXFrameworksBuildPhase;
			buildActionMask = 2147483647;
			files = (
			);
			runOnlyForDeploymentPostprocessing = 0;
		};
		955156382E75A0C60062B98D /* Frameworks */ = {
			isa = PBXFrameworksBuildPhase;
			buildActionMask = 2147483647;
			files = (
			);
			runOnlyForDeploymentPostprocessing = 0;
		};
/* End PBXFrameworksBuildPhase section */

/* Begin PBXGroup section */
		9551561A2E75A0C60062B98D = {
			isa = PBXGroup;
			children = (
				955156252E75A0C60062B98D /* THKeyVis */,
				955156342E75A0C60062B98D /* THKeyVisTests */,
				9551563E2E75A0C60062B98D /* THKeyVisUITests */,
				95CEE0892E770681009DB706 /* Frameworks */,
				955156242E75A0C60062B98D /* Products */,
			);
			sourceTree = "<group>";
		};
		955156242E75A0C60062B98D /* Products */ = {
			isa = PBXGroup;
			children = (
				955156232E75A0C60062B98D /* THKeyVis.app */,
				955156312E75A0C60062B98D /* THKeyVisTests.xctest */,
				9551563B2E75A0C60062B98D /* THKeyVisUITests.xctest */,
			);
			name = Products;
			sourceTree = "<group>";
		};
		95CEE0892E770681009DB706 /* Frameworks */ = {
			isa = PBXGroup;
			children = (
				95CEE0922E770699009DB706 /* CoreGraphics.framework */,
				95CEE0902E770693009DB706 /* CoreVideo.framework */,
				95CEE08E2E77068D009DB706 /* IOKit.framework */,
				95CEE08C2E770687009DB706 /* OpenGL.framework */,
				95CEE08A2E770681009DB706 /* Cocoa.framework */,
			);
			name = Frameworks;
			sourceTree = "<group>";
		};
/* End PBXGroup section */

/* Begin PBXNativeTarget section */
		955156222E75A0C60062B98D /* THKeyVis */ = {
			isa = PBXNativeTarget;
			buildConfigurationList = 955156452E75A0C60062B98D /* Build configuration list for PBXNativeTarget "THKeyVis" */;
			buildPhases = (
				95CEE0942E7706C1009DB706 /* ShellScript */,
				9551561F2E75A0C60062B98D /* Sources */,
				955156202E75A0C60062B98D /* Frameworks */,
				955156212E75A0C60062B98D /* Resources */,
			);
			buildRules = (
			);
			dependencies = (
			);
			fileSystemSynchronizedGroups = (
				955156252E75A0C60062B98D /* THKeyVis */,
			);
			name = THKeyVis;
			packageProductDependencies = (
			);
			productName = THKeyVis;
			productReference = 955156232E75A0C60062B98D /* THKeyVis.app */;
			productType = "com.apple.product-type.application";
		};
		955156302E75A0C60062B98D /* THKeyVisTests */ = {
			isa = PBXNativeTarget;
			buildConfigurationList = 955156482E75A0C60062B98D /* Build configuration list for PBXNativeTarget "THKeyVisTests" */;
			buildPhases = (
				9551562D2E75A0C60062B98D /* Sources */,
				9551562E2E75A0C60062B98D /* Frameworks */,
				9551562F2E75A0C60062B98D /* Resources */,
			);
			buildRules = (
			);
			dependencies = (
				955156332E75A0C60062B98D /* PBXTargetDependency */,
			);
			fileSystemSynchronizedGroups = (
				955156342E75A0C60062B98D /* THKeyVisTests */,
			);
			name = THKeyVisTests;
			packageProductDependencies = (
			);
			productName = THKeyVisTests;
			productReference = 955156312E75A0C60062B98D /* THKeyVisTests.xctest */;
			productType = "com.apple.product-type.bundle.unit-test";
		};
		9551563A2E75A0C60062B98D /* THKeyVisUITests */ = {
			isa = PBXNativeTarget;
			buildConfigurationList = 9551564B2E75A0C60062B98D /* Build configuration list for PBXNativeTarget "THKeyVisUITests" */;
			buildPhases = (
				955156372E75A0C60062B98D /* Sources */,
				955156382E75A0C60062B98D /* Frameworks */,
				955156392E75A0C60062B98D /* Resources */,
			);
			buildRules = (
			);
			dependencies = (
				9551563D2E75A0C60062B98D /* PBXTargetDependency */,
			);
			fileSystemSynchronizedGroups = (
				9551563E2E75A0C60062B98D /* THKeyVisUITests */,
			);
			name = THKeyVisUITests;
			packageProductDependencies = (
			);
			productName = THKeyVisUITests;
			productReference = 9551563B2E75A0C60062B98D /* THKeyVisUITests.xctest */;
			productType = "com.apple.product-type.bundle.ui-testing";
		};
/* End PBXNativeTarget section */

/* Begin PBXProject section */
		9551561B2E75A0C60062B98D /* Project object */ = {
			isa = PBXProject;
			attributes = {
				BuildIndependentTargetsInParallel = 1;
				LastSwiftUpdateCheck = 1640;
				LastUpgradeCheck = 1640;
				TargetAttributes = {
					955156222E75A0C60062B98D = {
						CreatedOnToolsVersion = 16.4;
					};
					955156302E75A0C60062B98D = {
						CreatedOnToolsVersion = 16.4;
						TestTargetID = 955156222E75A0C60062B98D;
					};
					9551563A2E75A0C60062B98D = {
						CreatedOnToolsVersion = 16.4;
						TestTargetID = 955156222E75A0C60062B98D;
					};
				};
			};
			buildConfigurationList = 9551561E2E75A0C60062B98D /* Build configuration list for PBXProject "THKeyVis" */;
			developmentRegion = en;
			hasScannedForEncodings = 0;
			knownRegions = (
				en,
				Base,
			);
			mainGroup = 9551561A2E75A0C60062B98D;
			minimizedProjectReferenceProxies = 1;
			preferredProjectObjectVersion = 77;
			productRefGroup = 955156242E75A0C60062B98D /* Products */;
			projectDirPath = "";
			projectRoot = "";
			targets = (
				955156222E75A0C60062B98D /* THKeyVis */,
				955156302E75A0C60062B98D /* THKeyVisTests */,
				9551563A2E75A0C60062B98D /* THKeyVisUITests */,
			);
		};
/* End PBXProject section */

/* Begin PBXResourcesBuildPhase section */
		955156212E75A0C60062B98D /* Resources */ = {
			isa = PBXResourcesBuildPhase;
			buildActionMask = 2147483647;
			files = (
			);
			runOnlyForDeploymentPostprocessing = 0;
		};
		9551562F2E75A0C60062B98D /* Resources */ = {
			isa = PBXResourcesBuildPhase;
			buildActionMask = 2147483647;
			files = (
			);
			runOnlyForDeploymentPostprocessing = 0;
		};
		955156392E75A0C60062B98D /* Resources */ = {
			isa = PBXResourcesBuildPhase;
			buildActionMask = 2147483647;
			files = (
			);
			runOnlyForDeploymentPostprocessing = 0;
		};
/* End PBXResourcesBuildPhase section */

/* Begin PBXShellScriptBuildPhase section */
		95CEE0942E7706C1009DB706 /* ShellScript */ = {
			isa = PBXShellScriptBuildPhase;
			buildActionMask = 8;
			files = (
			);
			inputFileListPaths = (
			);
			inputPaths = (
				"${SRCROOT}/../core/src/lib.rs",
				"${SRCROOT}/../core/Cargo.toml",
			);
			outputFileListPaths = (
			);
			outputPaths = (
				"${BUILT_PRODUCTS_DIR}/libcore.a",
			);
			runOnlyForDeploymentPostprocessing = 1;
			shellPath = /bin/sh;
			shellScript = "   # Inline script to avoid sandbox issues\n   echo \"Building Rust library...\"\n   \n   # Navigate to core directory\n   CORE_DIR=\"${SRCROOT}/../core\"\n   cd \"${CORE_DIR}\"\n   \n   # Build for current architecture\n   if [[ $(uname -m) == 'arm64' ]]; then\n       echo \"Building for arm64...\"\n       cargo build --release --lib --target aarch64-apple-darwin\n       RUST_LIB_PATH=\"${CORE_DIR}/target/aarch64-apple-darwin/release/libcore.a\"\n   else\n       echo \"Building for x86_64...\"\n       cargo build --release --lib --target x86_64-apple-darwin\n       RUST_LIB_PATH=\"${CORE_DIR}/target/x86_64-apple-darwin/release/libcore.a\"\n   fi\n   \n   # Copy library to build directory\n   cp \"${RUST_LIB_PATH}\" \"${BUILT_PRODUCTS_DIR}/libcore.a\"\n   echo \"Rust library copied to: ${BUILT_PRODUCTS_DIR}/libcore.a\"\n";
		};
/* End PBXShellScriptBuildPhase section */

/* Begin PBXSourcesBuildPhase section */
		9551561F2E75A0C60062B98D /* Sources */ = {
			isa = PBXSourcesBuildPhase;
			buildActionMask = 2147483647;
			files = (
			);
			runOnlyForDeploymentPostprocessing = 0;
		};
		9551562D2E75A0C60062B98D /* Sources */ = {
			isa = PBXSourcesBuildPhase;
			buildActionMask = 2147483647;
			files = (
			);
			runOnlyForDeploymentPostprocessing = 0;
		};
		955156372E75A0C60062B98D /* Sources */ = {
			isa = PBXSourcesBuildPhase;
			buildActionMask = 2147483647;
			files = (
			);
			runOnlyForDeploymentPostprocessing = 0;
		};
/* End PBXSourcesBuildPhase section */

/* Begin PBXTargetDependency section */
		955156332E75A0C60062B98D /* PBXTargetDependency */ = {
			isa = PBXTargetDependency;
			target = 955156222E75A0C60062B98D /* THKeyVis */;
			targetProxy = 955156322E75A0C60062B98D /* PBXContainerItemProxy */;
		};
		9551563D2E75A0C60062B98D /* PBXTargetDependency */ = {
			isa = PBXTargetDependency;
			target = 955156222E75A0C60062B98D /* THKeyVis */;
			targetProxy = 9551563C2E75A0C60062B98D /* PBXContainerItemProxy */;
		};
/* End PBXTargetDependency section */

/* Begin XCBuildConfiguration section */
		955156432E75A0C60062B98D /* Debug */ = {
			isa = XCBuildConfiguration;
			buildSettings = {
				ALWAYS_SEARCH_USER_PATHS = NO;
				ASSETCATALOG_COMPILER_GENERATE_SWIFT_ASSET_SYMBOL_EXTENSIONS = YES;
				CLANG_ANALYZER_NONNULL = YES;
				CLANG_ANALYZER_NUMBER_OBJECT_CONVERSION = YES_AGGRESSIVE;
				CLANG_CXX_LANGUAGE_STANDARD = "gnu++20";
				CLANG_ENABLE_MODULES = YES;
				CLANG_ENABLE_OBJC_ARC = YES;
				CLANG_ENABLE_OBJC_WEAK = YES;
				CLANG_WARN_BLOCK_CAPTURE_AUTORELEASING = YES;
				CLANG_WARN_BOOL_CONVERSION = YES;
				CLANG_WARN_COMMA = YES;
				CLANG_WARN_CONSTANT_CONVERSION = YES;
				CLANG_WARN_DEPRECATED_OBJC_IMPLEMENTATIONS = YES;
				CLANG_WARN_DIRECT_OBJC_ISA_USAGE = YES_ERROR;
				CLANG_WARN_DOCUMENTATION_COMMENTS = YES;
				CLANG_WARN_EMPTY_BODY = YES;
				CLANG_WARN_ENUM_CONVERSION = YES;
				CLANG_WARN_INFINITE_RECURSION = YES;
				CLANG_WARN_INT_CONVERSION = YES;
				CLANG_WARN_NON_LITERAL_NULL_CONVERSION = YES;
				CLANG_WARN_OBJC_IMPLICIT_RETAIN_SELF = YES;
				CLANG_WARN_OBJC_LITERAL_CONVERSION = YES;
				CLANG_WARN_OBJC_ROOT_CLASS = YES_ERROR;
				CLANG_WARN_QUOTED_INCLUDE_IN_FRAMEWORK_HEADER = YES;
				CLANG_WARN_RANGE_LOOP_ANALYSIS = YES;
				CLANG_WARN_STRICT_PROTOTYPES = YES;
				CLANG_WARN_SUSPICIOUS_MOVE = YES;
				CLANG_WARN_UNGUARDED_AVAILABILITY = YES_AGGRESSIVE;
				CLANG_WARN_UNREACHABLE_CODE = YES;
				CLANG_WARN__DUPLICATE_METHOD_MATCH = YES;
				COPY_PHASE_STRIP = NO;
				DEBUG_INFORMATION_FORMAT = dwarf;
				ENABLE_STRICT_OBJC_MSGSEND = YES;
				ENABLE_TESTABILITY = YES;
				ENABLE_USER_SCRIPT_SANDBOXING = YES;
				GCC_C_LANGUAGE_STANDARD = gnu17;
				GCC_DYNAMIC_NO_PIC = NO;
				GCC_NO_COMMON_BLOCKS = YES;
				GCC_OPTIMIZATION_LEVEL = 0;
				GCC_PREPROCESSOR_DEFINITIONS = (
					"DEBUG=1",
					"$(inherited)",
				);
				GCC_WARN_64_TO_32_BIT_CONVERSION = YES;
				GCC_WARN_ABOUT_RETURN_TYPE = YES_ERROR;
				GCC_WARN_UNDECLARED_SELECTOR = YES;
				GCC_WARN_UNINITIALIZED_AUTOS = YES_AGGRESSIVE;
				GCC_WARN_UNUSED_FUNCTION = YES;
				GCC_WARN_UNUSED_VARIABLE = YES;
				LOCALIZATION_PREFERS_STRING_CATALOGS = YES;
				MACOSX_DEPLOYMENT_TARGET = 15.5;
				MTL_ENABLE_DEBUG_INFO = INCLUDE_SOURCE;
				MTL_FAST_MATH = YES;
				ONLY_ACTIVE_ARCH = YES;
				SDKROOT = macosx;
				SWIFT_ACTIVE_COMPILATION_CONDITIONS = "DEBUG $(inherited)";
				SWIFT_OPTIMIZATION_LEVEL = "-Onone";
			};
			name = Debug;
		};
		955156442E75A0C60062B98D /* Release */ = {
			isa = XCBuildConfiguration;
			buildSettings = {
				ALWAYS_SEARCH_USER_PATHS = NO;
				ASSETCATALOG_COMPILER_GENERATE_SWIFT_ASSET_SYMBOL_EXTENSIONS = YES;
				CLANG_ANALYZER_NONNULL = YES;
				CLANG_ANALYZER_NUMBER_OBJECT_CONVERSION = YES_AGGRESSIVE;
				CLANG_CXX_LANGUAGE_STANDARD = "gnu++20";
				CLANG_ENABLE_MODULES = YES;
				CLANG_ENABLE_OBJC_ARC = YES;
				CLANG_ENABLE_OBJC_WEAK = YES;
				CLANG_WARN_BLOCK_CAPTURE_AUTORELEASING = YES;
				CLANG_WARN_BOOL_CONVERSION = YES;
				CLANG_WARN_COMMA = YES;
				CLANG_WARN_CONSTANT_CONVERSION = YES;
				CLANG_WARN_DEPRECATED_OBJC_IMPLEMENTATIONS = YES;
				CLANG_WARN_DIRECT_OBJC_ISA_USAGE = YES_ERROR;
				CLANG_WARN_DOCUMENTATION_COMMENTS = YES;
				CLANG_WARN_EMPTY_BODY = YES;
				CLANG_WARN_ENUM_CONVERSION = YES;
				CLANG_WARN_INFINITE_RECURSION = YES;
				CLANG_WARN_INT_CONVERSION = YES;
				CLANG_WARN_NON_LITERAL_NULL_CONVERSION = YES;
				CLANG_WARN_OBJC_IMPLICIT_RETAIN_SELF = YES;
				CLANG_WARN_OBJC_LITERAL_CONVERSION = YES;
				CLANG_WARN_OBJC_ROOT_CLASS = YES_ERROR;
				CLANG_WARN_QUOTED_INCLUDE_IN_FRAMEWORK_HEADER = YES;
				CLANG_WARN_RANGE_LOOP_ANALYSIS = YES;
				CLANG_WARN_STRICT_PROTOTYPES = YES;
				CLANG_WARN_SUSPICIOUS_MOVE = YES;
				CLANG_WARN_UNGUARDED_AVAILABILITY = YES_AGGRESSIVE;
				CLANG_WARN_UNREACHABLE_CODE = YES;
				CLANG_WARN__DUPLICATE_METHOD_MATCH = YES;
				COPY_PHASE_STRIP = NO;
				DEBUG_INFORMATION_FORMAT = "dwarf-with-dsym";
				ENABLE_NS_ASSERTIONS = NO;
				ENABLE_STRICT_OBJC_MSGSEND = YES;
				ENABLE_USER_SCRIPT_SANDBOXING = YES;
				GCC_C_LANGUAGE_STANDARD = gnu17;
				GCC_NO_COMMON_BLOCKS = YES;
				GCC_WARN_64_TO_32_BIT_CONVERSION = YES;
				GCC_WARN_ABOUT_RETURN_TYPE = YES_ERROR;
				GCC_WARN_UNDECLARED_SELECTOR = YES;
				GCC_WARN_UNINITIALIZED_AUTOS = YES_AGGRESSIVE;
				GCC_WARN_UNUSED_FUNCTION = YES;
				GCC_WARN_UNUSED_VARIABLE = YES;
				LOCALIZATION_PREFERS_STRING_CATALOGS = YES;
				MACOSX_DEPLOYMENT_TARGET = 15.5;
				MTL_ENABLE_DEBUG_INFO = NO;
				MTL_FAST_MATH = YES;
				SDKROOT = macosx;
				SWIFT_COMPILATION_MODE = wholemodule;
			};
			name = Release;
		};
		955156462E75A0C60062B98D /* Debug */ = {
			isa = XCBuildConfiguration;
			buildSettings = {
				ASSETCATALOG_COMPILER_APPICON_NAME = AppIcon;
				ASSETCATALOG_COMPILER_GLOBAL_ACCENT_COLOR_NAME = AccentColor;
				CODE_SIGN_ENTITLEMENTS = THKeyVis/THKeyVis.entitlements;
				CODE_SIGN_STYLE = Automatic;
				COMBINE_HIDPI_IMAGES = YES;
				CURRENT_PROJECT_VERSION = 1;
				ENABLE_PREVIEWS = YES;
				GENERATE_INFOPLIST_FILE = YES;
				INFOPLIST_KEY_NSHumanReadableCopyright = "";
				LD_RUNPATH_SEARCH_PATHS = (
					"$(inherited)",
					"@executable_path/../Frameworks",
				);
				LIBRARY_SEARCH_PATHS = "$(BUILT_PRODUCTS_DIR)";
				MARKETING_VERSION = 1.0;
				OTHER_LDFLAGS = "-lcore";
				PRODUCT_BUNDLE_IDENTIFIER = me.umajho.THKeyVis;
				PRODUCT_NAME = "$(TARGET_NAME)";
				REGISTER_APP_GROUPS = YES;
				SWIFT_EMIT_LOC_STRINGS = YES;
				SWIFT_OBJC_BRIDGING_HEADER = THKeyVis/rust_bridge.h;
				SWIFT_VERSION = 5.0;
			};
			name = Debug;
		};
		955156472E75A0C60062B98D /* Release */ = {
			isa = XCBuildConfiguration;
			buildSettings = {
				ASSETCATALOG_COMPILER_APPICON_NAME = AppIcon;
				ASSETCATALOG_COMPILER_GLOBAL_ACCENT_COLOR_NAME = AccentColor;
				CODE_SIGN_ENTITLEMENTS = THKeyVis/THKeyVis.entitlements;
				CODE_SIGN_STYLE = Automatic;
				COMBINE_HIDPI_IMAGES = YES;
				CURRENT_PROJECT_VERSION = 1;
				ENABLE_PREVIEWS = YES;
				GENERATE_INFOPLIST_FILE = YES;
				INFOPLIST_KEY_NSHumanReadableCopyright = "";
				LD_RUNPATH_SEARCH_PATHS = (
					"$(inherited)",
					"@executable_path/../Frameworks",
				);
				LIBRARY_SEARCH_PATHS = "$(BUILT_PRODUCTS_DIR)";
				MARKETING_VERSION = 1.0;
				OTHER_LDFLAGS = "-lcore";
				PRODUCT_BUNDLE_IDENTIFIER = me.umajho.THKeyVis;
				PRODUCT_NAME = "$(TARGET_NAME)";
				REGISTER_APP_GROUPS = YES;
				SWIFT_EMIT_LOC_STRINGS = YES;
				SWIFT_OBJC_BRIDGING_HEADER = THKeyVis/rust_bridge.h;
				SWIFT_VERSION = 5.0;
			};
			name = Release;
		};
		955156492E75A0C60062B98D /* Debug */ = {
			isa = XCBuildConfiguration;
			buildSettings = {
				BUNDLE_LOADER = "$(TEST_HOST)";
				CODE_SIGN_STYLE = Automatic;
				CURRENT_PROJECT_VERSION = 1;
				GENERATE_INFOPLIST_FILE = YES;
				MACOSX_DEPLOYMENT_TARGET = 15.5;
				MARKETING_VERSION = 1.0;
				PRODUCT_BUNDLE_IDENTIFIER = me.umajho.THKeyVisTests;
				PRODUCT_NAME = "$(TARGET_NAME)";
				SWIFT_EMIT_LOC_STRINGS = NO;
				SWIFT_VERSION = 5.0;
				TEST_HOST = "$(BUILT_PRODUCTS_DIR)/THKeyVis.app/$(BUNDLE_EXECUTABLE_FOLDER_PATH)/THKeyVis";
			};
			name = Debug;
		};
		9551564A2E75A0C60062B98D /* Release */ = {
			isa = XCBuildConfiguration;
			buildSettings = {
				BUNDLE_LOADER = "$(TEST_HOST)";
				CODE_SIGN_STYLE = Automatic;
				CURRENT_PROJECT_VERSION = 1;
				GENERATE_INFOPLIST_FILE = YES;
				MACOSX_DEPLOYMENT_TARGET = 15.5;
				MARKETING_VERSION = 1.0;
				PRODUCT_BUNDLE_IDENTIFIER = me.umajho.THKeyVisTests;
				PRODUCT_NAME = "$(TARGET_NAME)";
				SWIFT_EMIT_LOC_STRINGS = NO;
				SWIFT_VERSION = 5.0;
				TEST_HOST = "$(BUILT_PRODUCTS_DIR)/THKeyVis.app/$(BUNDLE_EXECUTABLE_FOLDER_PATH)/THKeyVis";
			};
			name = Release;
		};
		9551564C2E75A0C60062B98D /* Debug */ = {
			isa = XCBuildConfiguration;
			buildSettings = {
				CODE_SIGN_STYLE = Automatic;
				CURRENT_PROJECT_VERSION = 1;
				GENERATE_INFOPLIST_FILE = YES;
				MARKETING_VERSION = 1.0;
				PRODUCT_BUNDLE_IDENTIFIER = me.umajho.THKeyVisUITests;
				PRODUCT_NAME = "$(TARGET_NAME)";
				SWIFT_EMIT_LOC_STRINGS = NO;
				SWIFT_VERSION = 5.0;
				TEST_TARGET_NAME = THKeyVis;
			};
			name = Debug;
		};
		9551564D2E75A0C60062B98D /* Release */ = {
			isa = XCBuildConfiguration;
			buildSettings = {
				CODE_SIGN_STYLE = Automatic;
				CURRENT_PROJECT_VERSION = 1;
				GENERATE_INFOPLIST_FILE = YES;
				MARKETING_VERSION = 1.0;
				PRODUCT_BUNDLE_IDENTIFIER = me.umajho.THKeyVisUITests;
				PRODUCT_NAME = "$(TARGET_NAME)";
				SWIFT_EMIT_LOC_STRINGS = NO;
				SWIFT_VERSION = 5.0;
				TEST_TARGET_NAME = THKeyVis;
			};
			name = Release;
		};
/* End XCBuildConfiguration section */

/* Begin XCConfigurationList section */
		9551561E2E75A0C60062B98D /* Build configuration list for PBXProject "THKeyVis" */ = {
			isa = XCConfigurationList;
			buildConfigurations = (
				955156432E75A0C60062B98D /* Debug */,
				955156442E75A0C60062B98D /* Release */,
			);
			defaultConfigurationIsVisible = 0;
			defaultConfigurationName = Release;
		};
		955156452E75A0C60062B98D /* Build configuration list for PBXNativeTarget "THKeyVis" */ = {
			isa = XCConfigurationList;
			buildConfigurations = (
				955156462E75A0C60062B98D /* Debug */,
				955156472E75A0C60062B98D /* Release */,
			);
			defaultConfigurationIsVisible = 0;
			defaultConfigurationName = Release;
		};
		955156482E75A0C60062B98D /* Build configuration list for PBXNativeTarget "THKeyVisTests" */ = {
			isa = XCConfigurationList;
			buildConfigurations = (
				955156492E75A0C60062B98D /* Debug */,
				9551564A2E75A0C60062B98D /* Release */,
			);
			defaultConfigurationIsVisible = 0;
			defaultConfigurationName = Release;
		};
		9551564B2E75A0C60062B98D /* Build configuration list for PBXNativeTarget "THKeyVisUITests" */ = {
			isa = XCConfigurationList;
			buildConfigurations = (
				9551564C2E75A0C60062B98D /* Debug */,
				9551564D2E75A0C60062B98D /* Release */,
			);
			defaultConfigurationIsVisible = 0;
			defaultConfigurationName = Release;
		};
/* End XCConfigurationList section */
	};
	rootObject = 9551561B2E75A0C60062B98D /* Project object */;
}
